
Microsoft Visual Studio Solution File, Format Version 12.00
# Visual Studio Version 17
VisualStudioVersion = 17.1.32414.318
MinimumVisualStudioVersion = 10.0.40219.1
Project("{FAE04EC0-301F-11D3-BF4B-00C04F79EFBC}") = "SuperHeroAPI", "SuperHeroAPI\SuperHeroAPI.csproj", "{EF3B58F7-96CD-4878-B1D5-DED0343F032A}"
EndProject
Global
	GlobalSection(SolutionConfigurationPlatforms) = preSolution
		Debug|Any CPU = Debug|Any CPU
		Release|Any CPU = Release|Any CPU
	EndGlobalSection
	GlobalSection(ProjectConfigurationPlatforms) = postSolution
		{EF3B58F7-96CD-4878-B1D5-DED0343F032A}.Debug|Any CPU.ActiveCfg = Debug|Any CPU
		{EF3B58F7-96CD-4878-B1D5-DED0343F032A}.Debug|Any CPU.Build.0 = Debug|Any CPU
		{EF3B58F7-96CD-4878-B1D5-DED0343F032A}.Release|Any CPU.ActiveCfg = Release|Any CPU
		{EF3B58F7-96CD-4878-B1D5-DED0343F032A}.Release|Any CPU.Build.0 = Release|Any CPU
	EndGlobalSection
	GlobalSection(SolutionProperties) = preSolution
		HideSolutionNode = FALSE
	EndGlobalSection
	GlobalSection(ExtensibilityGlobals) = postSolution
		SolutionGuid = {672D6D2C-9132-4644-B241-1B764A04B5C1}
	EndGlobalSection
EndGlobal
